{
  "object": {
    "pins": [
      {
        "package": "OpenCombine",
        "repositoryURL": "https://github.com/OpenCombine/OpenCombine.git",
        "state": {
          "branch": null,
          "revision": "8576f0d579b27020beccbccc3ea6844f3ddfc2c2",
          "version": "0.14.0"
        }
      },
      {
        "package": "swift-async-algorithms",
        "repositoryURL": "https://github.com/apple/swift-async-algorithms.git",
        "state": {
          "branch": null,
          "revision": "5c8bd186f48c16af0775972700626f0b74588278",
          "version": "1.0.2"
        }
      },
      {
        "package": "swift-collections",
        "repositoryURL": "https://github.com/apple/swift-collections.git",
        "state": {
          "branch": null,
          "revision": "671108c96644956dddcd89dd59c203dcdb36cec7",
          "version": "1.1.4"
        }
      }
    ]
  },
  "version": 1
}
